<?xml version="1.0" encoding="utf-8"?>
<Project ToolsVersion="4.0" xmlns="http://schemas.microsoft.com/developer/msbuild/2003">
  <ItemGroup>
    <ClCompile Include="Source\Application.cpp" />
    <ClCompile Include="Source\Assignment03.cpp" />
    <ClCompile Include="Source\Bullet.cpp" />
    <ClCompile Include="Source\Camera.cpp" />
    <ClCompile Include="Source\Camera4.cpp" />
    <ClCompile Include="Source\Characters.cpp" />
    <ClCompile Include="Source\Collider.cpp" />
    <ClCompile Include="Source\EnvironmentManager.cpp" />
    <ClCompile Include="Source\GameObject.cpp" />
    <ClCompile Include="Source\GOManager.cpp" />
    <ClCompile Include="Source\Inventory.cpp" />
    <ClCompile Include="Source\Item.cpp" />
    <ClCompile Include="Source\LoadOBJ.cpp" />
    <ClCompile Include="Source\LoadTGA.cpp" />
    <ClCompile Include="Source\main.cpp" />
    <ClCompile Include="Source\Mesh.cpp" />
    <ClCompile Include="Source\MeshBuilder.cpp" />
    <ClCompile Include="Source\Monster.cpp" />
    <ClCompile Include="Source\Player.cpp" />
    <ClCompile Include="Source\Scene.cpp" />
    <ClCompile Include="Source\SceneBase.cpp" />
    <ClCompile Include="Source\SceneMainMenu.cpp" />
    <ClCompile Include="Source\SceneManager.cpp" />
    <ClCompile Include="Source\SceneUI.cpp" />
    <ClCompile Include="Source\shader.cpp" />
    <ClCompile Include="Source\SP02.cpp" />
    <ClCompile Include="Source\TScene.cpp" />
    <ClCompile Include="Source\UIManager.cpp" />
    <ClCompile Include="Source\Utility.cpp" />
    <ClCompile Include="Source\Vein.cpp" />
    <ClCompile Include="Source\Vertex.cpp" />
    <ClCompile Include="Source\Weapon.cpp" />
    <ClCompile Include="Source\monsterManager.cpp" />
  </ItemGroup>
  <ItemGroup>
    <ClInclude Include="Source\Application.h" />
    <ClInclude Include="Source\Assignment03.h" />
    <ClInclude Include="Source\Bullet.h" />
    <ClInclude Include="Source\Camera.h" />
    <ClInclude Include="Source\Camera4.h" />
    <ClInclude Include="Source\Characters.h" />
    <ClInclude Include="Source\Collider.h" />
    <ClInclude Include="Source\Element.h" />
    <ClInclude Include="Source\EnvironmentManager.h" />
    <ClInclude Include="Source\GameObject.h" />
    <ClInclude Include="Source\GOManager.h" />
    <ClInclude Include="Source\Inventory.h" />
    <ClInclude Include="Source\Item.h" />
    <ClInclude Include="Source\Light.h" />
    <ClInclude Include="Source\LoadOBJ.h" />
    <ClInclude Include="Source\LoadTGA.h" />
    <ClInclude Include="Source\Material.h" />
    <ClInclude Include="Source\Mesh.h" />
    <ClInclude Include="Source\MeshBuilder.h" />
    <ClInclude Include="Source\Monster.h" />
    <ClInclude Include="Source\Player.h" />
    <ClInclude Include="Source\Scene.h" />
    <ClInclude Include="Source\SceneBase.h" />
    <ClInclude Include="Source\SceneMainMenu.h" />
    <ClInclude Include="Source\SceneManager.h" />
    <ClInclude Include="Source\SceneUI.h" />
    <ClInclude Include="Source\shader.hpp" />
    <ClInclude Include="Source\SP02.h" />
    <ClInclude Include="Source\TScene.h" />
    <ClInclude Include="Source\UIManager.h" />
    <ClInclude Include="Source\Utility.h" />
    <ClInclude Include="Source\Veins.h" />
    <ClInclude Include="Source\Vertex.h" />
    <ClInclude Include="Source\Weapon.h" />
    <ClInclude Include="Source\monsterManager.h" />
  </ItemGroup>
</Project>